
Microsoft Visual Studio Solution File, Format Version 12.00
# Visual Studio 15
VisualStudioVersion = 15.0.27428.2027
MinimumVisualStudioVersion = 10.0.40219.1
Project("{2150E333-8FDC-42A3-9474-1A3956D46DE8}") = "CodeRepo", "CodeRepo", "{A7704F1C-C349-4B49-B121-209318D4315B}"
EndProject
Project("{9A19103F-16F7-4668-BE54-9A1E7A4F7556}") = "Hayaa.CodeRepo.GogsHttpService", "Hayaa.CodeRepo.GogsHttpService\Hayaa.CodeRepo.GogsHttpService.csproj", "{630228E9-5E76-4B2C-8B7E-601F8528DD5B}"
EndProject
Project("{9A19103F-16F7-4668-BE54-9A1E7A4F7556}") = "Hayaa.CodeRepoService", "Hayaa.CodeRepoService\Hayaa.CodeRepoService.csproj", "{4EB957DD-A558-4401-A107-020FBD5571A4}"
EndProject
Project("{2150E333-8FDC-42A3-9474-1A3956D46DE8}") = "Devop", "Devop", "{1235F0CB-A78C-468B-8746-807F3D831E23}"
EndProject
Project("{9A19103F-16F7-4668-BE54-9A1E7A4F7556}") = "Hayaa.DevopService", "Hayaa.DevopService\Hayaa.DevopService.csproj", "{5FFD73D4-3587-4320-BA0A-76107EB2B2BA}"
EndProject
Project("{2150E333-8FDC-42A3-9474-1A3956D46DE8}") = "Project", "Project", "{17B8A04D-BCB2-4276-9D27-7C6C307B7F36}"
EndProject
Project("{9A19103F-16F7-4668-BE54-9A1E7A4F7556}") = "Hayaa.ProjectService", "Hayaa.ProjectService\Hayaa.ProjectService.csproj", "{2BB2EE04-314D-479C-93CD-9677720FB8F9}"
EndProject
Project("{9A19103F-16F7-4668-BE54-9A1E7A4F7556}") = "Hayaa.ProjectService.Core", "Hayaa.ProjectService.Core\Hayaa.ProjectService.Core.csproj", "{4EAD8BF4-B681-4FC2-9599-CE65D4FEC8A4}"
EndProject
Project("{9A19103F-16F7-4668-BE54-9A1E7A4F7556}") = "Hayaa.ServiceFrame.Model", "Hayaa.ServiceFrame.Model\Hayaa.ServiceFrame.Model.csproj", "{47E223A5-C532-4586-AFD1-921545AB8F4D}"
EndProject
Global
	GlobalSection(SolutionConfigurationPlatforms) = preSolution
		Debug|Any CPU = Debug|Any CPU
		Release|Any CPU = Release|Any CPU
	EndGlobalSection
	GlobalSection(ProjectConfigurationPlatforms) = postSolution
		{630228E9-5E76-4B2C-8B7E-601F8528DD5B}.Debug|Any CPU.ActiveCfg = Debug|Any CPU
		{630228E9-5E76-4B2C-8B7E-601F8528DD5B}.Debug|Any CPU.Build.0 = Debug|Any CPU
		{630228E9-5E76-4B2C-8B7E-601F8528DD5B}.Release|Any CPU.ActiveCfg = Release|Any CPU
		{630228E9-5E76-4B2C-8B7E-601F8528DD5B}.Release|Any CPU.Build.0 = Release|Any CPU
		{4EB957DD-A558-4401-A107-020FBD5571A4}.Debug|Any CPU.ActiveCfg = Debug|Any CPU
		{4EB957DD-A558-4401-A107-020FBD5571A4}.Debug|Any CPU.Build.0 = Debug|Any CPU
		{4EB957DD-A558-4401-A107-020FBD5571A4}.Release|Any CPU.ActiveCfg = Release|Any CPU
		{4EB957DD-A558-4401-A107-020FBD5571A4}.Release|Any CPU.Build.0 = Release|Any CPU
		{5FFD73D4-3587-4320-BA0A-76107EB2B2BA}.Debug|Any CPU.ActiveCfg = Debug|Any CPU
		{5FFD73D4-3587-4320-BA0A-76107EB2B2BA}.Debug|Any CPU.Build.0 = Debug|Any CPU
		{5FFD73D4-3587-4320-BA0A-76107EB2B2BA}.Release|Any CPU.ActiveCfg = Release|Any CPU
		{5FFD73D4-3587-4320-BA0A-76107EB2B2BA}.Release|Any CPU.Build.0 = Release|Any CPU
		{2BB2EE04-314D-479C-93CD-9677720FB8F9}.Debug|Any CPU.ActiveCfg = Debug|Any CPU
		{2BB2EE04-314D-479C-93CD-9677720FB8F9}.Debug|Any CPU.Build.0 = Debug|Any CPU
		{2BB2EE04-314D-479C-93CD-9677720FB8F9}.Release|Any CPU.ActiveCfg = Release|Any CPU
		{2BB2EE04-314D-479C-93CD-9677720FB8F9}.Release|Any CPU.Build.0 = Release|Any CPU
		{4EAD8BF4-B681-4FC2-9599-CE65D4FEC8A4}.Debug|Any CPU.ActiveCfg = Debug|Any CPU
		{4EAD8BF4-B681-4FC2-9599-CE65D4FEC8A4}.Debug|Any CPU.Build.0 = Debug|Any CPU
		{4EAD8BF4-B681-4FC2-9599-CE65D4FEC8A4}.Release|Any CPU.ActiveCfg = Release|Any CPU
		{4EAD8BF4-B681-4FC2-9599-CE65D4FEC8A4}.Release|Any CPU.Build.0 = Release|Any CPU
		{47E223A5-C532-4586-AFD1-921545AB8F4D}.Debug|Any CPU.ActiveCfg = Debug|Any CPU
		{47E223A5-C532-4586-AFD1-921545AB8F4D}.Debug|Any CPU.Build.0 = Debug|Any CPU
		{47E223A5-C532-4586-AFD1-921545AB8F4D}.Release|Any CPU.ActiveCfg = Release|Any CPU
		{47E223A5-C532-4586-AFD1-921545AB8F4D}.Release|Any CPU.Build.0 = Release|Any CPU
	EndGlobalSection
	GlobalSection(SolutionProperties) = preSolution
		HideSolutionNode = FALSE
	EndGlobalSection
	GlobalSection(NestedProjects) = preSolution
		{630228E9-5E76-4B2C-8B7E-601F8528DD5B} = {A7704F1C-C349-4B49-B121-209318D4315B}
		{4EB957DD-A558-4401-A107-020FBD5571A4} = {A7704F1C-C349-4B49-B121-209318D4315B}
		{5FFD73D4-3587-4320-BA0A-76107EB2B2BA} = {1235F0CB-A78C-468B-8746-807F3D831E23}
		{2BB2EE04-314D-479C-93CD-9677720FB8F9} = {17B8A04D-BCB2-4276-9D27-7C6C307B7F36}
		{4EAD8BF4-B681-4FC2-9599-CE65D4FEC8A4} = {17B8A04D-BCB2-4276-9D27-7C6C307B7F36}
	EndGlobalSection
	GlobalSection(ExtensibilityGlobals) = postSolution
		SolutionGuid = {F11FC46E-881E-41F5-9B93-8C25EB18311B}
	EndGlobalSection
EndGlobal
