
Microsoft Visual Studio Solution File, Format Version 12.00
# Visual Studio 15
VisualStudioVersion = 15.0.27130.2010
MinimumVisualStudioVersion = 10.0.40219.1
Project("{9A19103F-16F7-4668-BE54-9A1E7A4F7556}") = "Hayaa.ServiceFrame.Model", "Hayaa.ServiceFrame.Model\Hayaa.ServiceFrame.Model.csproj", "{E4ABA299-F98F-44DF-A16C-C4BB2F06AF37}"
EndProject
Project("{9A19103F-16F7-4668-BE54-9A1E7A4F7556}") = "Hayaa.ServicePlatform.Service", "Hayaa.ServicePlatform\Hayaa.ServicePlatform.Service.csproj", "{8E5AD497-3D5B-44AB-BDD2-C89180724F38}"
EndProject
Project("{2150E333-8FDC-42A3-9474-1A3956D46DE8}") = "ServicePlatform", "ServicePlatform", "{5CD6A2C3-8F5D-4087-9B14-F89EB88BD541}"
EndProject
Project("{2150E333-8FDC-42A3-9474-1A3956D46DE8}") = "Client", "Client", "{2A456CE7-8164-4303-A21B-DFF854C93B9F}"
EndProject
Project("{9A19103F-16F7-4668-BE54-9A1E7A4F7556}") = "Hayaa.ServicePlatform.Client", "ServiceFrameClient\Hayaa.ServicePlatform.Client\Hayaa.ServicePlatform.Client.csproj", "{92A57D81-8649-4383-A9B4-358AECDCDE15}"
EndProject
Project("{9A19103F-16F7-4668-BE54-9A1E7A4F7556}") = "Hayaa.ServicePlatform.Service.Core", "Hayaa.ServicePlatform.Service.Core\Hayaa.ServicePlatform.Service.Core.csproj", "{0FD42B44-51ED-4E01-A623-FC7E010C2E75}"
EndProject
Project("{2150E333-8FDC-42A3-9474-1A3956D46DE8}") = "WebSite", "WebSite", "{7B32E9A7-A18B-4C71-AA9E-C15D59C44059}"
EndProject
Project("{2150E333-8FDC-42A3-9474-1A3956D46DE8}") = "Controller", "Controller", "{EC9B518D-B16D-40D2-A4C4-F33C61CE3106}"
EndProject
Project("{2150E333-8FDC-42A3-9474-1A3956D46DE8}") = "Site", "Site", "{DB0B1D4F-1A48-4E8D-96F1-C0AA94AA5C80}"
EndProject
Project("{2150E333-8FDC-42A3-9474-1A3956D46DE8}") = "Service", "Service", "{CF56EF1E-8261-4D49-93E6-4ED672487A85}"
EndProject
Project("{2150E333-8FDC-42A3-9474-1A3956D46DE8}") = "Sql", "Sql", "{C2A08B1B-C08F-4441-AA14-1F9AB9990E5E}"
EndProject
Project("{2150E333-8FDC-42A3-9474-1A3956D46DE8}") = "iteration1", "iteration1", "{1593C5E3-3815-4734-A813-41C878AAEA30}"
EndProject
Project("{9A19103F-16F7-4668-BE54-9A1E7A4F7556}") = "Hayaa.ServiceFrameController", "ServiceFrameController\Hayaa.ServiceFrameController.csproj", "{90BCEE49-F242-4AAB-B766-57437571D265}"
EndProject
Project("{9A19103F-16F7-4668-BE54-9A1E7A4F7556}") = "Hayaa.Redis.Client", "ServiceFrameClient\Hayaa.Redis.Client\Hayaa.Redis.Client.csproj", "{41CFA25A-3AA2-4841-BCC5-244F885F713B}"
EndProject
Project("{2150E333-8FDC-42A3-9474-1A3956D46DE8}") = "Test", "Test", "{76BE58C1-5A5E-49D0-B7D0-F025B6F48D76}"
EndProject
Project("{9A19103F-16F7-4668-BE54-9A1E7A4F7556}") = "XUnitTestProject", "XUnitTestProject\XUnitTestProject.csproj", "{28510563-472B-4F90-A0B0-21CBCA960499}"
EndProject
Project("{9A19103F-16F7-4668-BE54-9A1E7A4F7556}") = "Hayaa.ServiceFrameSite", "Hayaa.ServiceFrameSite\Hayaa.ServiceFrameSite.csproj", "{888B5008-0E64-455C-82C5-2E4733E814AC}"
EndProject
Project("{E53339B2-1760-4266-BCC7-CA923CBCF16C}") = "docker-compose", "docker-compose.dcproj", "{C20FD6E1-ADB0-4978-964F-E69B45A3A4B2}"
EndProject
Global
	GlobalSection(SolutionConfigurationPlatforms) = preSolution
		Debug|Any CPU = Debug|Any CPU
		Release|Any CPU = Release|Any CPU
	EndGlobalSection
	GlobalSection(ProjectConfigurationPlatforms) = postSolution
		{E4ABA299-F98F-44DF-A16C-C4BB2F06AF37}.Debug|Any CPU.ActiveCfg = Debug|Any CPU
		{E4ABA299-F98F-44DF-A16C-C4BB2F06AF37}.Debug|Any CPU.Build.0 = Debug|Any CPU
		{E4ABA299-F98F-44DF-A16C-C4BB2F06AF37}.Release|Any CPU.ActiveCfg = Release|Any CPU
		{E4ABA299-F98F-44DF-A16C-C4BB2F06AF37}.Release|Any CPU.Build.0 = Release|Any CPU
		{8E5AD497-3D5B-44AB-BDD2-C89180724F38}.Debug|Any CPU.ActiveCfg = Debug|Any CPU
		{8E5AD497-3D5B-44AB-BDD2-C89180724F38}.Debug|Any CPU.Build.0 = Debug|Any CPU
		{8E5AD497-3D5B-44AB-BDD2-C89180724F38}.Release|Any CPU.ActiveCfg = Release|Any CPU
		{8E5AD497-3D5B-44AB-BDD2-C89180724F38}.Release|Any CPU.Build.0 = Release|Any CPU
		{92A57D81-8649-4383-A9B4-358AECDCDE15}.Debug|Any CPU.ActiveCfg = Debug|Any CPU
		{92A57D81-8649-4383-A9B4-358AECDCDE15}.Debug|Any CPU.Build.0 = Debug|Any CPU
		{92A57D81-8649-4383-A9B4-358AECDCDE15}.Release|Any CPU.ActiveCfg = Release|Any CPU
		{92A57D81-8649-4383-A9B4-358AECDCDE15}.Release|Any CPU.Build.0 = Release|Any CPU
		{0FD42B44-51ED-4E01-A623-FC7E010C2E75}.Debug|Any CPU.ActiveCfg = Debug|Any CPU
		{0FD42B44-51ED-4E01-A623-FC7E010C2E75}.Debug|Any CPU.Build.0 = Debug|Any CPU
		{0FD42B44-51ED-4E01-A623-FC7E010C2E75}.Release|Any CPU.ActiveCfg = Release|Any CPU
		{0FD42B44-51ED-4E01-A623-FC7E010C2E75}.Release|Any CPU.Build.0 = Release|Any CPU
		{90BCEE49-F242-4AAB-B766-57437571D265}.Debug|Any CPU.ActiveCfg = Debug|Any CPU
		{90BCEE49-F242-4AAB-B766-57437571D265}.Debug|Any CPU.Build.0 = Debug|Any CPU
		{90BCEE49-F242-4AAB-B766-57437571D265}.Release|Any CPU.ActiveCfg = Release|Any CPU
		{90BCEE49-F242-4AAB-B766-57437571D265}.Release|Any CPU.Build.0 = Release|Any CPU
		{41CFA25A-3AA2-4841-BCC5-244F885F713B}.Debug|Any CPU.ActiveCfg = Debug|Any CPU
		{41CFA25A-3AA2-4841-BCC5-244F885F713B}.Debug|Any CPU.Build.0 = Debug|Any CPU
		{41CFA25A-3AA2-4841-BCC5-244F885F713B}.Release|Any CPU.ActiveCfg = Release|Any CPU
		{41CFA25A-3AA2-4841-BCC5-244F885F713B}.Release|Any CPU.Build.0 = Release|Any CPU
		{28510563-472B-4F90-A0B0-21CBCA960499}.Debug|Any CPU.ActiveCfg = Debug|Any CPU
		{28510563-472B-4F90-A0B0-21CBCA960499}.Debug|Any CPU.Build.0 = Debug|Any CPU
		{28510563-472B-4F90-A0B0-21CBCA960499}.Release|Any CPU.ActiveCfg = Release|Any CPU
		{28510563-472B-4F90-A0B0-21CBCA960499}.Release|Any CPU.Build.0 = Release|Any CPU
		{888B5008-0E64-455C-82C5-2E4733E814AC}.Debug|Any CPU.ActiveCfg = Debug|Any CPU
		{888B5008-0E64-455C-82C5-2E4733E814AC}.Debug|Any CPU.Build.0 = Debug|Any CPU
		{888B5008-0E64-455C-82C5-2E4733E814AC}.Release|Any CPU.ActiveCfg = Release|Any CPU
		{888B5008-0E64-455C-82C5-2E4733E814AC}.Release|Any CPU.Build.0 = Release|Any CPU
		{C20FD6E1-ADB0-4978-964F-E69B45A3A4B2}.Debug|Any CPU.ActiveCfg = Debug|Any CPU
		{C20FD6E1-ADB0-4978-964F-E69B45A3A4B2}.Debug|Any CPU.Build.0 = Debug|Any CPU
		{C20FD6E1-ADB0-4978-964F-E69B45A3A4B2}.Release|Any CPU.ActiveCfg = Release|Any CPU
		{C20FD6E1-ADB0-4978-964F-E69B45A3A4B2}.Release|Any CPU.Build.0 = Release|Any CPU
	EndGlobalSection
	GlobalSection(SolutionProperties) = preSolution
		HideSolutionNode = FALSE
	EndGlobalSection
	GlobalSection(NestedProjects) = preSolution
		{8E5AD497-3D5B-44AB-BDD2-C89180724F38} = {5CD6A2C3-8F5D-4087-9B14-F89EB88BD541}
		{5CD6A2C3-8F5D-4087-9B14-F89EB88BD541} = {CF56EF1E-8261-4D49-93E6-4ED672487A85}
		{92A57D81-8649-4383-A9B4-358AECDCDE15} = {2A456CE7-8164-4303-A21B-DFF854C93B9F}
		{0FD42B44-51ED-4E01-A623-FC7E010C2E75} = {5CD6A2C3-8F5D-4087-9B14-F89EB88BD541}
		{EC9B518D-B16D-40D2-A4C4-F33C61CE3106} = {7B32E9A7-A18B-4C71-AA9E-C15D59C44059}
		{DB0B1D4F-1A48-4E8D-96F1-C0AA94AA5C80} = {7B32E9A7-A18B-4C71-AA9E-C15D59C44059}
		{1593C5E3-3815-4734-A813-41C878AAEA30} = {C2A08B1B-C08F-4441-AA14-1F9AB9990E5E}
		{90BCEE49-F242-4AAB-B766-57437571D265} = {EC9B518D-B16D-40D2-A4C4-F33C61CE3106}
		{41CFA25A-3AA2-4841-BCC5-244F885F713B} = {2A456CE7-8164-4303-A21B-DFF854C93B9F}
		{28510563-472B-4F90-A0B0-21CBCA960499} = {76BE58C1-5A5E-49D0-B7D0-F025B6F48D76}
		{888B5008-0E64-455C-82C5-2E4733E814AC} = {DB0B1D4F-1A48-4E8D-96F1-C0AA94AA5C80}
	EndGlobalSection
	GlobalSection(ExtensibilityGlobals) = postSolution
		SolutionGuid = {13B11753-87BD-4E59-A0A4-EF21A7784460}
	EndGlobalSection
EndGlobal
